{
  "name": "summary",
  "lockfileVersion": 3,
  "requires": true,
  "packages": {
    "": {
      "dependencies": {
        "@llamaindex/liteparse": "^2.0.4"
      }
    },
    "node_modules/@llamaindex/liteparse": {
      "version": "2.0.4",
      "resolved": "https://registry.npmjs.org/@llamaindex/liteparse/-/liteparse-2.0.4.tgz",
      "integrity": "sha512-wXI+GrYRb7jTPDBxst6RcvK6AI4UXqQP+7RvNhmB9yZERlIz6c1fRdCrlvkHEpMKj850LxgzAcawVMT+UiQwlw==",
      "license": "Apache-2.0",
      "dependencies": {
        "commander": "^12.0.0"
      },
      "bin": {
        "lit": "dist/cli.js",
        "liteparse": "dist/cli.js"
      },
      "engines": {
        "node": ">=18.0.0"
      },
      "optionalDependencies": {
        "@llamaindex/liteparse-darwin-arm64": "2.0.4",
        "@llamaindex/liteparse-linux-arm64-gnu": "2.0.4",
        "@llamaindex/liteparse-linux-x64-gnu": "2.0.4",
        "@llamaindex/liteparse-win32-x64-msvc": "2.0.4"
      }
    },
    "node_modules/@llamaindex/liteparse-darwin-arm64": {
      "version": "2.0.4",
      "resolved": "https://registry.npmjs.org/@llamaindex/liteparse-darwin-arm64/-/liteparse-darwin-arm64-2.0.4.tgz",
      "integrity": "sha512-FXrXXr8nXgu36dbXtjDh+SedvESodBt1dc+j8zKQvlX3/V1Cuu4RuePvCIHe+cTd1rQxx/YVUDI9EX3JMh2nyA==",
      "cpu": [
        "arm64"
      ],
      "license": "Apache-2.0",
      "optional": true,
      "os": [
        "darwin"
      ]
    },
    "node_modules/@llamaindex/liteparse-linux-arm64-gnu": {
      "version": "2.0.4",
      "resolved": "https://registry.npmjs.org/@llamaindex/liteparse-linux-arm64-gnu/-/liteparse-linux-arm64-gnu-2.0.4.tgz",
      "integrity": "sha512-mYUxHD5O746agBK7PVh96Fo+p+5v47qxBMBQLJpYjjT6HC3yqGPqDXXefDdiMSq80bqz6M6istgWIPNUmLOafg==",
      "cpu": [
        "arm64"
      ],
      "license": "Apache-2.0",
      "optional": true,
      "os": [
        "linux"
      ]
    },
    "node_modules/@llamaindex/liteparse-linux-x64-gnu": {
      "version": "2.0.4",
      "resolved": "https://registry.npmjs.org/@llamaindex/liteparse-linux-x64-gnu/-/liteparse-linux-x64-gnu-2.0.4.tgz",
      "integrity": "sha512-Tf6oi4G8wikExWnSImj98RwXlRUY3VBWejOm0XQENMH/1B2C0frHTOaUuXCq8U3/Ms4h4eAnWpuB8wT2PDC+yw==",
      "cpu": [
        "x64"
      ],
      "license": "Apache-2.0",
      "optional": true,
      "os": [
        "linux"
      ]
    },
    "node_modules/@llamaindex/liteparse-win32-x64-msvc": {
      "version": "2.0.4",
      "resolved": "https://registry.npmjs.org/@llamaindex/liteparse-win32-x64-msvc/-/liteparse-win32-x64-msvc-2.0.4.tgz",
      "integrity": "sha512-vuhJN6Odc0zF3dVGSI3dy5vWt9/+bN2yi26ZYmXlTrKtZYNuSx06tDXZvZBG/4AQGI6m6E82KsCnRGRAc91V6Q==",
      "cpu": [
        "x64"
      ],
      "license": "Apache-2.0",
      "optional": true,
      "os": [
        "win32"
      ]
    },
    "node_modules/commander": {
      "version": "12.1.0",
      "resolved": "https://registry.npmjs.org/commander/-/commander-12.1.0.tgz",
      "integrity": "sha512-Vw8qHK3bZM9y/P10u3Vib8o/DdkvA2OtPtZvD871QKjy74Wj1WSKFILMPRPSdUSx5RFK1arlJzEtA4PkFgnbuA==",
      "license": "MIT",
      "engines": {
        "node": ">=18"
      }
    }
  }
}
